
Microsoft Visual Studio Solution File, Format Version 12.00
# Visual Studio Version 16
VisualStudioVersion = 16.0.32413.511
MinimumVisualStudioVersion = 10.0.40219.1
Project("{9A19103F-16F7-4668-BE54-9A1E7A4F7556}") = "ToDoListApp", "ToDoListApp\ToDoListApp.csproj", "{0A829B2F-CD82-43BE-81D0-996D70369540}"
EndProject
Project("{9A19103F-16F7-4668-BE54-9A1E7A4F7556}") = "ToDoListApp.SQL", "ToDoListApp.SQL\ToDoListApp.SQL.csproj", "{40F177FF-273C-4A6F-AF91-8A7BC9195487}"
EndProject
Project("{9A19103F-16F7-4668-BE54-9A1E7A4F7556}") = "BusinessLogic", "BusinessLogic\BusinessLogic.csproj", "{3919F473-2792-466B-9E17-D2E821EEECF4}"
EndProject
Global
	GlobalSection(SolutionConfigurationPlatforms) = preSolution
		Debug|Any CPU = Debug|Any CPU
		Release|Any CPU = Release|Any CPU
	EndGlobalSection
	GlobalSection(ProjectConfigurationPlatforms) = postSolution
		{0A829B2F-CD82-43BE-81D0-996D70369540}.Debug|Any CPU.ActiveCfg = Debug|Any CPU
		{0A829B2F-CD82-43BE-81D0-996D70369540}.Debug|Any CPU.Build.0 = Debug|Any CPU
		{0A829B2F-CD82-43BE-81D0-996D70369540}.Release|Any CPU.ActiveCfg = Release|Any CPU
		{0A829B2F-CD82-43BE-81D0-996D70369540}.Release|Any CPU.Build.0 = Release|Any CPU
		{40F177FF-273C-4A6F-AF91-8A7BC9195487}.Debug|Any CPU.ActiveCfg = Debug|Any CPU
		{40F177FF-273C-4A6F-AF91-8A7BC9195487}.Debug|Any CPU.Build.0 = Debug|Any CPU
		{40F177FF-273C-4A6F-AF91-8A7BC9195487}.Release|Any CPU.ActiveCfg = Release|Any CPU
		{40F177FF-273C-4A6F-AF91-8A7BC9195487}.Release|Any CPU.Build.0 = Release|Any CPU
		{3919F473-2792-466B-9E17-D2E821EEECF4}.Debug|Any CPU.ActiveCfg = Debug|Any CPU
		{3919F473-2792-466B-9E17-D2E821EEECF4}.Debug|Any CPU.Build.0 = Debug|Any CPU
		{3919F473-2792-466B-9E17-D2E821EEECF4}.Release|Any CPU.ActiveCfg = Release|Any CPU
		{3919F473-2792-466B-9E17-D2E821EEECF4}.Release|Any CPU.Build.0 = Release|Any CPU
	EndGlobalSection
	GlobalSection(SolutionProperties) = preSolution
		HideSolutionNode = FALSE
	EndGlobalSection
	GlobalSection(ExtensibilityGlobals) = postSolution
		SolutionGuid = {F7B47141-E1CD-4BC0-AB38-6E8A626D3BDC}
	EndGlobalSection
EndGlobal
